
Microsoft Visual Studio Solution File, Format Version 12.00
# Visual Studio 15
VisualStudioVersion = 15.0.26430.15
MinimumVisualStudioVersion = 10.0.40219.1
Project("{9A19103F-16F7-4668-BE54-9A1E7A4F7556}") = "BlockList", "BlockList\BlockList.csproj", "{C0262D6D-B149-4CD9-977C-E7BE5EDADB74}"
EndProject
Global
	GlobalSection(SolutionConfigurationPlatforms) = preSolution
		Debug|Any CPU = Debug|Any CPU
		Release|Any CPU = Release|Any CPU
	EndGlobalSection
	GlobalSection(ProjectConfigurationPlatforms) = postSolution
		{C0262D6D-B149-4CD9-977C-E7BE5EDADB74}.Debug|Any CPU.ActiveCfg = Debug|Any CPU
		{C0262D6D-B149-4CD9-977C-E7BE5EDADB74}.Debug|Any CPU.Build.0 = Debug|Any CPU
		{C0262D6D-B149-4CD9-977C-E7BE5EDADB74}.Release|Any CPU.ActiveCfg = Release|Any CPU
		{C0262D6D-B149-4CD9-977C-E7BE5EDADB74}.Release|Any CPU.Build.0 = Release|Any CPU
	EndGlobalSection
	GlobalSection(SolutionProperties) = preSolution
		HideSolutionNode = FALSE
	EndGlobalSection
EndGlobal
